
Microsoft Visual Studio Solution File, Format Version 12.00
# Visual Studio Version 16
VisualStudioVersion = 16.0.31515.178
MinimumVisualStudioVersion = 10.0.40219.1
Project("{FAE04EC0-301F-11D3-BF4B-00C04F79EFBC}") = "num 6 pg 190", "num 6 pg 190\num 6 pg 190.csproj", "{1E7242CC-1115-400A-B009-EC6C59FB8DF8}"
EndProject
Global
	GlobalSection(SolutionConfigurationPlatforms) = preSolution
		Debug|Any CPU = Debug|Any CPU
		Release|Any CPU = Release|Any CPU
	EndGlobalSection
	GlobalSection(ProjectConfigurationPlatforms) = postSolution
		{1E7242CC-1115-400A-B009-EC6C59FB8DF8}.Debug|Any CPU.ActiveCfg = Debug|Any CPU
		{1E7242CC-1115-400A-B009-EC6C59FB8DF8}.Debug|Any CPU.Build.0 = Debug|Any CPU
		{1E7242CC-1115-400A-B009-EC6C59FB8DF8}.Release|Any CPU.ActiveCfg = Release|Any CPU
		{1E7242CC-1115-400A-B009-EC6C59FB8DF8}.Release|Any CPU.Build.0 = Release|Any CPU
	EndGlobalSection
	GlobalSection(SolutionProperties) = preSolution
		HideSolutionNode = FALSE
	EndGlobalSection
	GlobalSection(ExtensibilityGlobals) = postSolution
		SolutionGuid = {48928176-E189-419C-9EC6-30E673F5946C}
	EndGlobalSection
EndGlobal
